
Microsoft Visual Studio Solution File, Format Version 12.00
# Visual Studio Version 17
VisualStudioVersion = 17.9.34902.65
MinimumVisualStudioVersion = 10.0.40219.1
Project("{9A19103F-16F7-4668-BE54-9A1E7A4F7556}") = "ProductManagement", "ProductManagement.csproj", "{DBFF09DA-1E0A-4518-B639-569260FA0A6D}"
EndProject
Global
	GlobalSection(SolutionConfigurationPlatforms) = preSolution
		Debug|Any CPU = Debug|Any CPU
		Release|Any CPU = Release|Any CPU
	EndGlobalSection
	GlobalSection(ProjectConfigurationPlatforms) = postSolution
		{DBFF09DA-1E0A-4518-B639-569260FA0A6D}.Debug|Any CPU.ActiveCfg = Debug|Any CPU
		{DBFF09DA-1E0A-4518-B639-569260FA0A6D}.Debug|Any CPU.Build.0 = Debug|Any CPU
		{DBFF09DA-1E0A-4518-B639-569260FA0A6D}.Release|Any CPU.ActiveCfg = Release|Any CPU
		{DBFF09DA-1E0A-4518-B639-569260FA0A6D}.Release|Any CPU.Build.0 = Release|Any CPU
	EndGlobalSection
	GlobalSection(SolutionProperties) = preSolution
		HideSolutionNode = FALSE
	EndGlobalSection
	GlobalSection(ExtensibilityGlobals) = postSolution
		SolutionGuid = {1F19F163-3C75-44F4-89BE-76629A53A15A}
	EndGlobalSection
EndGlobal
