
Microsoft Visual Studio Solution File, Format Version 12.00
# Visual Studio Version 17
VisualStudioVersion = 17.12.35527.113
MinimumVisualStudioVersion = 10.0.40219.1
Project("{2150E333-8FDC-42A3-9474-1A3956D46DE8}") = "Solution Items", "Solution Items", "{2D0A09CB-71D0-4722-8A00-885FA843EBA4}"
	ProjectSection(SolutionItems) = preProject
		.gitignore = .gitignore
		README.md = README.md
	EndProjectSection
EndProject
Project("{2150E333-8FDC-42A3-9474-1A3956D46DE8}") = "src", "src", "{884BFC9A-8F3E-4C4C-8BC0-C14984265F35}"
EndProject
Project("{FAE04EC0-301F-11D3-BF4B-00C04F79EFBC}") = "ProductManagement.Domain", "src\ProductManagement.Domain\ProductManagement.Domain.csproj", "{EF948994-1BF9-4BE0-924F-0C5E40D241B5}"
EndProject
Project("{FAE04EC0-301F-11D3-BF4B-00C04F79EFBC}") = "ProductManagement.Application", "src\ProductManagement.Application\ProductManagement.Application.csproj", "{1977982D-5FE0-4DEA-A60E-D19F1E67D5F9}"
EndProject
Project("{FAE04EC0-301F-11D3-BF4B-00C04F79EFBC}") = "ProductManagement.Infrastructure", "src\ProductManagement.Infrastructure\ProductManagement.Infrastructure.csproj", "{6617E8DA-B085-4E21-AE31-920117CB6231}"
EndProject
Project("{FAE04EC0-301F-11D3-BF4B-00C04F79EFBC}") = "ProductManagement.BlazorApp", "src\ProductManagement.BlazorApp\ProductManagement.BlazorApp.csproj", "{079E094C-8036-4198-9772-E9037EB9CB42}"
EndProject
Project("{2150E333-8FDC-42A3-9474-1A3956D46DE8}") = "tests", "tests", "{34349955-6817-4B30-9291-0E9DA1F4714A}"
EndProject
Project("{FAE04EC0-301F-11D3-BF4B-00C04F79EFBC}") = "ProductManagement.Infrastructure.Tests", "tests\ProductManagement.Infrastructure.Tests\ProductManagement.Infrastructure.Tests.csproj", "{6F6706D2-AC74-485F-8E44-327B9E4D20A0}"
EndProject
Project("{FAE04EC0-301F-11D3-BF4B-00C04F79EFBC}") = "ProductManagement.Infrastructure.EmailRender", "src\ProductManagement.Infrastructure.EmailRender\ProductManagement.Infrastructure.EmailRender.csproj", "{01BDACD1-84CC-4595-9EEB-3486CA1045CE}"
EndProject
Project("{FAE04EC0-301F-11D3-BF4B-00C04F79EFBC}") = "ProductManagement.Domain.Tests", "tests\ProductManagement.Domain.Tests\ProductManagement.Domain.Tests.csproj", "{B03DD9D4-B8D2-44D9-9A35-ACFC02D78E0F}"
EndProject
Project("{FAE04EC0-301F-11D3-BF4B-00C04F79EFBC}") = "ProductManagement.Application.Tests", "tests\ProductManagement.Application.Tests\ProductManagement.Application.Tests.csproj", "{55973973-4CC7-40D6-A273-8B7E28F5FC70}"
EndProject
Global
	GlobalSection(SolutionConfigurationPlatforms) = preSolution
		Debug|Any CPU = Debug|Any CPU
		Release|Any CPU = Release|Any CPU
	EndGlobalSection
	GlobalSection(ProjectConfigurationPlatforms) = postSolution
		{EF948994-1BF9-4BE0-924F-0C5E40D241B5}.Debug|Any CPU.ActiveCfg = Debug|Any CPU
		{EF948994-1BF9-4BE0-924F-0C5E40D241B5}.Debug|Any CPU.Build.0 = Debug|Any CPU
		{EF948994-1BF9-4BE0-924F-0C5E40D241B5}.Release|Any CPU.ActiveCfg = Release|Any CPU
		{EF948994-1BF9-4BE0-924F-0C5E40D241B5}.Release|Any CPU.Build.0 = Release|Any CPU
		{1977982D-5FE0-4DEA-A60E-D19F1E67D5F9}.Debug|Any CPU.ActiveCfg = Debug|Any CPU
		{1977982D-5FE0-4DEA-A60E-D19F1E67D5F9}.Debug|Any CPU.Build.0 = Debug|Any CPU
		{1977982D-5FE0-4DEA-A60E-D19F1E67D5F9}.Release|Any CPU.ActiveCfg = Release|Any CPU
		{1977982D-5FE0-4DEA-A60E-D19F1E67D5F9}.Release|Any CPU.Build.0 = Release|Any CPU
		{6617E8DA-B085-4E21-AE31-920117CB6231}.Debug|Any CPU.ActiveCfg = Debug|Any CPU
		{6617E8DA-B085-4E21-AE31-920117CB6231}.Debug|Any CPU.Build.0 = Debug|Any CPU
		{6617E8DA-B085-4E21-AE31-920117CB6231}.Release|Any CPU.ActiveCfg = Release|Any CPU
		{6617E8DA-B085-4E21-AE31-920117CB6231}.Release|Any CPU.Build.0 = Release|Any CPU
		{079E094C-8036-4198-9772-E9037EB9CB42}.Debug|Any CPU.ActiveCfg = Debug|Any CPU
		{079E094C-8036-4198-9772-E9037EB9CB42}.Debug|Any CPU.Build.0 = Debug|Any CPU
		{079E094C-8036-4198-9772-E9037EB9CB42}.Release|Any CPU.ActiveCfg = Release|Any CPU
		{079E094C-8036-4198-9772-E9037EB9CB42}.Release|Any CPU.Build.0 = Release|Any CPU
		{6F6706D2-AC74-485F-8E44-327B9E4D20A0}.Debug|Any CPU.ActiveCfg = Debug|Any CPU
		{6F6706D2-AC74-485F-8E44-327B9E4D20A0}.Debug|Any CPU.Build.0 = Debug|Any CPU
		{6F6706D2-AC74-485F-8E44-327B9E4D20A0}.Release|Any CPU.ActiveCfg = Release|Any CPU
		{6F6706D2-AC74-485F-8E44-327B9E4D20A0}.Release|Any CPU.Build.0 = Release|Any CPU
		{01BDACD1-84CC-4595-9EEB-3486CA1045CE}.Debug|Any CPU.ActiveCfg = Debug|Any CPU
		{01BDACD1-84CC-4595-9EEB-3486CA1045CE}.Debug|Any CPU.Build.0 = Debug|Any CPU
		{01BDACD1-84CC-4595-9EEB-3486CA1045CE}.Release|Any CPU.ActiveCfg = Release|Any CPU
		{01BDACD1-84CC-4595-9EEB-3486CA1045CE}.Release|Any CPU.Build.0 = Release|Any CPU
		{B03DD9D4-B8D2-44D9-9A35-ACFC02D78E0F}.Debug|Any CPU.ActiveCfg = Debug|Any CPU
		{B03DD9D4-B8D2-44D9-9A35-ACFC02D78E0F}.Debug|Any CPU.Build.0 = Debug|Any CPU
		{B03DD9D4-B8D2-44D9-9A35-ACFC02D78E0F}.Release|Any CPU.ActiveCfg = Release|Any CPU
		{B03DD9D4-B8D2-44D9-9A35-ACFC02D78E0F}.Release|Any CPU.Build.0 = Release|Any CPU
		{55973973-4CC7-40D6-A273-8B7E28F5FC70}.Debug|Any CPU.ActiveCfg = Debug|Any CPU
		{55973973-4CC7-40D6-A273-8B7E28F5FC70}.Debug|Any CPU.Build.0 = Debug|Any CPU
		{55973973-4CC7-40D6-A273-8B7E28F5FC70}.Release|Any CPU.ActiveCfg = Release|Any CPU
		{55973973-4CC7-40D6-A273-8B7E28F5FC70}.Release|Any CPU.Build.0 = Release|Any CPU
	EndGlobalSection
	GlobalSection(SolutionProperties) = preSolution
		HideSolutionNode = FALSE
	EndGlobalSection
	GlobalSection(NestedProjects) = preSolution
		{EF948994-1BF9-4BE0-924F-0C5E40D241B5} = {884BFC9A-8F3E-4C4C-8BC0-C14984265F35}
		{1977982D-5FE0-4DEA-A60E-D19F1E67D5F9} = {884BFC9A-8F3E-4C4C-8BC0-C14984265F35}
		{6617E8DA-B085-4E21-AE31-920117CB6231} = {884BFC9A-8F3E-4C4C-8BC0-C14984265F35}
		{079E094C-8036-4198-9772-E9037EB9CB42} = {884BFC9A-8F3E-4C4C-8BC0-C14984265F35}
		{6F6706D2-AC74-485F-8E44-327B9E4D20A0} = {34349955-6817-4B30-9291-0E9DA1F4714A}
		{01BDACD1-84CC-4595-9EEB-3486CA1045CE} = {884BFC9A-8F3E-4C4C-8BC0-C14984265F35}
		{B03DD9D4-B8D2-44D9-9A35-ACFC02D78E0F} = {34349955-6817-4B30-9291-0E9DA1F4714A}
		{55973973-4CC7-40D6-A273-8B7E28F5FC70} = {34349955-6817-4B30-9291-0E9DA1F4714A}
	EndGlobalSection
EndGlobal
